
Microsoft Visual Studio Solution File, Format Version 12.00
# Visual Studio Version 17
VisualStudioVersion = 17.2.32519.379
MinimumVisualStudioVersion = 10.0.40219.1
Project("{FAE04EC0-301F-11D3-BF4B-00C04F79EFBC}") = "Exercise2Algo", "Exercise2Algo\Exercise2Algo.csproj", "{733FDA51-BD91-4C49-8B51-18F1C7E04A09}"
EndProject
Global
	GlobalSection(SolutionConfigurationPlatforms) = preSolution
		Debug|Any CPU = Debug|Any CPU
		Release|Any CPU = Release|Any CPU
	EndGlobalSection
	GlobalSection(ProjectConfigurationPlatforms) = postSolution
		{733FDA51-BD91-4C49-8B51-18F1C7E04A09}.Debug|Any CPU.ActiveCfg = Debug|Any CPU
		{733FDA51-BD91-4C49-8B51-18F1C7E04A09}.Debug|Any CPU.Build.0 = Debug|Any CPU
		{733FDA51-BD91-4C49-8B51-18F1C7E04A09}.Release|Any CPU.ActiveCfg = Release|Any CPU
		{733FDA51-BD91-4C49-8B51-18F1C7E04A09}.Release|Any CPU.Build.0 = Release|Any CPU
	EndGlobalSection
	GlobalSection(SolutionProperties) = preSolution
		HideSolutionNode = FALSE
	EndGlobalSection
	GlobalSection(ExtensibilityGlobals) = postSolution
		SolutionGuid = {4F067F75-D4D1-4A78-A712-184BBA54D550}
	EndGlobalSection
EndGlobal
